
Microsoft Visual Studio Solution File, Format Version 12.00
# Visual Studio Version 17
VisualStudioVersion = 17.4.33213.308
MinimumVisualStudioVersion = 10.0.40219.1
Project("{FAE04EC0-301F-11D3-BF4B-00C04F79EFBC}") = "CW_9_Threading", "CW_9_Threading\CW_9_Threading.csproj", "{0DE4F94B-5D4B-4A75-95B4-7FFE3D6C3CF1}"
EndProject
Global
	GlobalSection(SolutionConfigurationPlatforms) = preSolution
		Debug|Any CPU = Debug|Any CPU
		Release|Any CPU = Release|Any CPU
	EndGlobalSection
	GlobalSection(ProjectConfigurationPlatforms) = postSolution
		{0DE4F94B-5D4B-4A75-95B4-7FFE3D6C3CF1}.Debug|Any CPU.ActiveCfg = Debug|Any CPU
		{0DE4F94B-5D4B-4A75-95B4-7FFE3D6C3CF1}.Debug|Any CPU.Build.0 = Debug|Any CPU
		{0DE4F94B-5D4B-4A75-95B4-7FFE3D6C3CF1}.Release|Any CPU.ActiveCfg = Release|Any CPU
		{0DE4F94B-5D4B-4A75-95B4-7FFE3D6C3CF1}.Release|Any CPU.Build.0 = Release|Any CPU
	EndGlobalSection
	GlobalSection(SolutionProperties) = preSolution
		HideSolutionNode = FALSE
	EndGlobalSection
	GlobalSection(ExtensibilityGlobals) = postSolution
		SolutionGuid = {FC8CC8A2-1316-4100-9E51-B5E8A6F149E7}
	EndGlobalSection
EndGlobal
